{
  "name": "cinnabun",
  "version": "0.1.4",
  "lockfileVersion": 2,
  "requires": true,
  "packages": {
    "": {
      "name": "cinnabun",
      "version": "0.1.4",
      "license": "ISC",
      "dependencies": {
        "cinnabun": "^0.1.5"
      }
    },
    "node_modules/cinnabun": {
      "version": "0.1.5",
      "resolved": "https://registry.npmjs.org/cinnabun/-/cinnabun-0.1.5.tgz",
      "integrity": "sha512-2HgBfcTf+XD3SL25+GWJUTcLjUA4uIeTHnccrcAfSdwOIKLCzRkh9FgcE6rs9AMzrgv6la8NDLsMdRXe4V1MOQ=="
    }
  },
  "dependencies": {
    "cinnabun": {
      "version": "0.1.5",
      "resolved": "https://registry.npmjs.org/cinnabun/-/cinnabun-0.1.5.tgz",
      "integrity": "sha512-2HgBfcTf+XD3SL25+GWJUTcLjUA4uIeTHnccrcAfSdwOIKLCzRkh9FgcE6rs9AMzrgv6la8NDLsMdRXe4V1MOQ=="
    }
  }
}
